uuid: ed0f5351-d631-4826-8d05-8fe59e1b1dcc
langcode: en
status: true
dependencies:
  module:
    - jnl_basic_config
  theme:
    - jcorex_base
id: socialmediablock
theme: jcorex_base
region: footer_1
weight: 0
provider: null
plugin: social_media_block
settings:
  id: social_media_block
  label: 'Social Media block'
  provider: jnl_basic_config
  label_display: '0'
visibility: {  }
