uuid: c54d5e3e-940e-467e-ac08-06d959e5bfa2
langcode: en
status: true
dependencies:
  module:
    - link
    - node
_core:
  default_config_hash: 1BbA0eB3hp1D8uKJhYnZdr1aCi9OZOLK9SyxCudla8k
id: node.field_link_journal_block
field_name: field_link_journal_block
entity_type: node
type: link
settings: {  }
module: link
locked: false
cardinality: 1
translatable: true
indexes: {  }
persist_with_no_fields: false
custom_storage: false
